
Microsoft Visual Studio Solution File, Format Version 12.00
# Visual Studio 14
VisualStudioVersion = 14.0.25420.1
MinimumVisualStudioVersion = 10.0.40219.1
Project("{FAE04EC0-301F-11D3-BF4B-00C04F79EFBC}") = "DatabaseConnector", "DatabaseConnector\DatabaseConnector.csproj", "{9860F44A-F7CA-42D7-82A0-0EBA173208ED}"
EndProject
Project("{FAE04EC0-301F-11D3-BF4B-00C04F79EFBC}") = "Project.BarApplication", "Project.BarApplication\Project.BarApplication.csproj", "{C5BC7A7D-C5E3-419E-8F28-DDC12945E796}"
EndProject
Project("{FAE04EC0-301F-11D3-BF4B-00C04F79EFBC}") = "DataProxy", "DataProxy\DataProxy.csproj", "{14DB109B-E4EA-4DB4-BD82-090A96D7677A}"
EndProject
Project("{FAE04EC0-301F-11D3-BF4B-00C04F79EFBC}") = "Utils", "Utils\Utils.csproj", "{7319FB68-104F-4A19-B80A-DF905C9A36CB}"
EndProject
Global
	GlobalSection(SolutionConfigurationPlatforms) = preSolution
		Debug|Any CPU = Debug|Any CPU
		Debug|ARM = Debug|ARM
		Debug|x64 = Debug|x64
		Debug|x86 = Debug|x86
		Release|Any CPU = Release|Any CPU
		Release|ARM = Release|ARM
		Release|x64 = Release|x64
		Release|x86 = Release|x86
	EndGlobalSection
	GlobalSection(ProjectConfigurationPlatforms) = postSolution
		{9860F44A-F7CA-42D7-82A0-0EBA173208ED}.Debug|Any CPU.ActiveCfg = Debug|Any CPU
		{9860F44A-F7CA-42D7-82A0-0EBA173208ED}.Debug|Any CPU.Build.0 = Debug|Any CPU
		{9860F44A-F7CA-42D7-82A0-0EBA173208ED}.Debug|ARM.ActiveCfg = Debug|Any CPU
		{9860F44A-F7CA-42D7-82A0-0EBA173208ED}.Debug|ARM.Build.0 = Debug|Any CPU
		{9860F44A-F7CA-42D7-82A0-0EBA173208ED}.Debug|x64.ActiveCfg = Debug|Any CPU
		{9860F44A-F7CA-42D7-82A0-0EBA173208ED}.Debug|x64.Build.0 = Debug|Any CPU
		{9860F44A-F7CA-42D7-82A0-0EBA173208ED}.Debug|x86.ActiveCfg = Debug|Any CPU
		{9860F44A-F7CA-42D7-82A0-0EBA173208ED}.Debug|x86.Build.0 = Debug|Any CPU
		{9860F44A-F7CA-42D7-82A0-0EBA173208ED}.Release|Any CPU.ActiveCfg = Release|Any CPU
		{9860F44A-F7CA-42D7-82A0-0EBA173208ED}.Release|Any CPU.Build.0 = Release|Any CPU
		{9860F44A-F7CA-42D7-82A0-0EBA173208ED}.Release|ARM.ActiveCfg = Release|Any CPU
		{9860F44A-F7CA-42D7-82A0-0EBA173208ED}.Release|ARM.Build.0 = Release|Any CPU
		{9860F44A-F7CA-42D7-82A0-0EBA173208ED}.Release|x64.ActiveCfg = Release|Any CPU
		{9860F44A-F7CA-42D7-82A0-0EBA173208ED}.Release|x64.Build.0 = Release|Any CPU
		{9860F44A-F7CA-42D7-82A0-0EBA173208ED}.Release|x86.ActiveCfg = Release|Any CPU
		{9860F44A-F7CA-42D7-82A0-0EBA173208ED}.Release|x86.Build.0 = Release|Any CPU
		{C5BC7A7D-C5E3-419E-8F28-DDC12945E796}.Debug|Any CPU.ActiveCfg = Debug|Any CPU
		{C5BC7A7D-C5E3-419E-8F28-DDC12945E796}.Debug|Any CPU.Build.0 = Debug|Any CPU
		{C5BC7A7D-C5E3-419E-8F28-DDC12945E796}.Debug|ARM.ActiveCfg = Debug|Any CPU
		{C5BC7A7D-C5E3-419E-8F28-DDC12945E796}.Debug|ARM.Build.0 = Debug|Any CPU
		{C5BC7A7D-C5E3-419E-8F28-DDC12945E796}.Debug|x64.ActiveCfg = Debug|Any CPU
		{C5BC7A7D-C5E3-419E-8F28-DDC12945E796}.Debug|x64.Build.0 = Debug|Any CPU
		{C5BC7A7D-C5E3-419E-8F28-DDC12945E796}.Debug|x86.ActiveCfg = Debug|Any CPU
		{C5BC7A7D-C5E3-419E-8F28-DDC12945E796}.Debug|x86.Build.0 = Debug|Any CPU
		{C5BC7A7D-C5E3-419E-8F28-DDC12945E796}.Release|Any CPU.ActiveCfg = Release|Any CPU
		{C5BC7A7D-C5E3-419E-8F28-DDC12945E796}.Release|Any CPU.Build.0 = Release|Any CPU
		{C5BC7A7D-C5E3-419E-8F28-DDC12945E796}.Release|ARM.ActiveCfg = Release|Any CPU
		{C5BC7A7D-C5E3-419E-8F28-DDC12945E796}.Release|ARM.Build.0 = Release|Any CPU
		{C5BC7A7D-C5E3-419E-8F28-DDC12945E796}.Release|x64.ActiveCfg = Release|Any CPU
		{C5BC7A7D-C5E3-419E-8F28-DDC12945E796}.Release|x64.Build.0 = Release|Any CPU
		{C5BC7A7D-C5E3-419E-8F28-DDC12945E796}.Release|x86.ActiveCfg = Release|Any CPU
		{C5BC7A7D-C5E3-419E-8F28-DDC12945E796}.Release|x86.Build.0 = Release|Any CPU
		{14DB109B-E4EA-4DB4-BD82-090A96D7677A}.Debug|Any CPU.ActiveCfg = Debug|Any CPU
		{14DB109B-E4EA-4DB4-BD82-090A96D7677A}.Debug|Any CPU.Build.0 = Debug|Any CPU
		{14DB109B-E4EA-4DB4-BD82-090A96D7677A}.Debug|ARM.ActiveCfg = Debug|Any CPU
		{14DB109B-E4EA-4DB4-BD82-090A96D7677A}.Debug|ARM.Build.0 = Debug|Any CPU
		{14DB109B-E4EA-4DB4-BD82-090A96D7677A}.Debug|x64.ActiveCfg = Debug|Any CPU
		{14DB109B-E4EA-4DB4-BD82-090A96D7677A}.Debug|x64.Build.0 = Debug|Any CPU
		{14DB109B-E4EA-4DB4-BD82-090A96D7677A}.Debug|x86.ActiveCfg = Debug|Any CPU
		{14DB109B-E4EA-4DB4-BD82-090A96D7677A}.Debug|x86.Build.0 = Debug|Any CPU
		{14DB109B-E4EA-4DB4-BD82-090A96D7677A}.Release|Any CPU.ActiveCfg = Release|Any CPU
		{14DB109B-E4EA-4DB4-BD82-090A96D7677A}.Release|Any CPU.Build.0 = Release|Any CPU
		{14DB109B-E4EA-4DB4-BD82-090A96D7677A}.Release|ARM.ActiveCfg = Release|Any CPU
		{14DB109B-E4EA-4DB4-BD82-090A96D7677A}.Release|ARM.Build.0 = Release|Any CPU
		{14DB109B-E4EA-4DB4-BD82-090A96D7677A}.Release|x64.ActiveCfg = Release|Any CPU
		{14DB109B-E4EA-4DB4-BD82-090A96D7677A}.Release|x64.Build.0 = Release|Any CPU
		{14DB109B-E4EA-4DB4-BD82-090A96D7677A}.Release|x86.ActiveCfg = Release|Any CPU
		{14DB109B-E4EA-4DB4-BD82-090A96D7677A}.Release|x86.Build.0 = Release|Any CPU
		{7319FB68-104F-4A19-B80A-DF905C9A36CB}.Debug|Any CPU.ActiveCfg = Debug|Any CPU
		{7319FB68-104F-4A19-B80A-DF905C9A36CB}.Debug|Any CPU.Build.0 = Debug|Any CPU
		{7319FB68-104F-4A19-B80A-DF905C9A36CB}.Debug|ARM.ActiveCfg = Debug|Any CPU
		{7319FB68-104F-4A19-B80A-DF905C9A36CB}.Debug|ARM.Build.0 = Debug|Any CPU
		{7319FB68-104F-4A19-B80A-DF905C9A36CB}.Debug|x64.ActiveCfg = Debug|Any CPU
		{7319FB68-104F-4A19-B80A-DF905C9A36CB}.Debug|x64.Build.0 = Debug|Any CPU
		{7319FB68-104F-4A19-B80A-DF905C9A36CB}.Debug|x86.ActiveCfg = Debug|Any CPU
		{7319FB68-104F-4A19-B80A-DF905C9A36CB}.Debug|x86.Build.0 = Debug|Any CPU
		{7319FB68-104F-4A19-B80A-DF905C9A36CB}.Release|Any CPU.ActiveCfg = Release|Any CPU
		{7319FB68-104F-4A19-B80A-DF905C9A36CB}.Release|Any CPU.Build.0 = Release|Any CPU
		{7319FB68-104F-4A19-B80A-DF905C9A36CB}.Release|ARM.ActiveCfg = Release|Any CPU
		{7319FB68-104F-4A19-B80A-DF905C9A36CB}.Release|ARM.Build.0 = Release|Any CPU
		{7319FB68-104F-4A19-B80A-DF905C9A36CB}.Release|x64.ActiveCfg = Release|Any CPU
		{7319FB68-104F-4A19-B80A-DF905C9A36CB}.Release|x64.Build.0 = Release|Any CPU
		{7319FB68-104F-4A19-B80A-DF905C9A36CB}.Release|x86.ActiveCfg = Release|Any CPU
		{7319FB68-104F-4A19-B80A-DF905C9A36CB}.Release|x86.Build.0 = Release|Any CPU
	EndGlobalSection
	GlobalSection(SolutionProperties) = preSolution
		HideSolutionNode = FALSE
	EndGlobalSection
EndGlobal
